// !$*UTF8*$!
{
	archiveVersion = 1;
	classes = {
	};
	objectVersion = 50;
	objects = {

/* Begin PBXBuildFile section */
		3FD08DDD2347E5F40059C769 /* AppDelegate.swift in Sources */ = {isa = PBXBuildFile; fileRef = 3FD08DDC2347E5F40059C769 /* AppDelegate.swift */; };
		3FD08DDF2347E5F40059C769 /* ViewController.swift in Sources */ = {isa = PBXBuildFile; fileRef = 3FD08DDE2347E5F40059C769 /* ViewController.swift */; };
		3FD08DE22347E5F40059C769 /* Main.storyboard in Resources */ = {isa = PBXBuildFile; fileRef = 3FD08DE02347E5F40059C769 /* Main.storyboard */; };
		3FD08DE42347E5F50059C769 /* Assets.xcassets in Resources */ = {isa = PBXBuildFile; fileRef = 3FD08DE32347E5F50059C769 /* Assets.xcassets */; };
		3FD08DE72347E5F50059C769 /* LaunchScreen.storyboard in Resources */ = {isa = PBXBuildFile; fileRef = 3FD08DE52347E5F50059C769 /* LaunchScreen.storyboard */; };
		3FD08DF22347E5F50059C769 /* FingerTipTests.swift in Sources */ = {isa = PBXBuildFile; fileRef = 3FD08DF12347E5F50059C769 /* FingerTipTests.swift */; };
		3FD08DFD2347E5F50059C769 /* FingerTipUITests.swift in Sources */ = {isa = PBXBuildFile; fileRef = 3FD08DFC2347E5F50059C769 /* FingerTipUITests.swift */; };
/* End PBXBuildFile section */

/* Begin PBXContainerItemProxy section */
		3FD08DEE2347E5F50059C769 /* PBXContainerItemProxy */ = {
			isa = PBXContainerItemProxy;
			containerPortal = 3FD08DD12347E5F40059C769 /* Project object */;
			proxyType = 1;
			remoteGlobalIDString = 3FD08DD82347E5F40059C769;
			remoteInfo = FingerTip;
		};
		3FD08DF92347E5F50059C769 /* PBXContainerItemProxy */ = {
			isa = PBXContainerItemProxy;
			containerPortal = 3FD08DD12347E5F40059C769 /* Project object */;
			proxyType = 1;
			remoteGlobalIDString = 3FD08DD82347E5F40059C769;
			remoteInfo = FingerTip;
		};
/* End PBXContainerItemProxy section */

/* Begin PBXFileReference section */
		3FD08DD92347E5F40059C769 /* FingerTip.app */ = {isa = PBXFileReference; explicitFileType = wrapper.application; includeInIndex = 0; path = FingerTip.app; sourceTree = BUILT_PRODUCTS_DIR; };
		3FD08DDC2347E5F40059C769 /* AppDelegate.swift */ = {isa = PBXFileReference; lastKnownFileType = sourcecode.swift; path = AppDelegate.swift; sourceTree = "<group>"; };
		3FD08DDE2347E5F40059C769 /* ViewController.swift */ = {isa = PBXFileReference; lastKnownFileType = sourcecode.swift; path = ViewController.swift; sourceTree = "<group>"; };
		3FD08DE12347E5F40059C769 /* Base */ = {isa = PBXFileReference; lastKnownFileType = file.storyboard; name = Base; path = Base.lproj/Main.storyboard; sourceTree = "<group>"; };
		3FD08DE32347E5F50059C769 /* Assets.xcassets */ = {isa = PBXFileReference; lastKnownFileType = folder.assetcatalog; path = Assets.xcassets; sourceTree = "<group>"; };
		3FD08DE62347E5F50059C769 /* Base */ = {isa = PBXFileReference; lastKnownFileType = file.storyboard; name = Base; path = Base.lproj/LaunchScreen.storyboard; sourceTree = "<group>"; };
		3FD08DE82347E5F50059C769 /* Info.plist */ = {isa = PBXFileReference; lastKnownFileType = text.plist.xml; path = Info.plist; sourceTree = "<group>"; };
		3FD08DED2347E5F50059C769 /* FingerTipTests.xctest */ = {isa = PBXFileReference; explicitFileType = wrapper.cfbundle; includeInIndex = 0; path = FingerTipTests.xctest; sourceTree = BUILT_PRODUCTS_DIR; };
		3FD08DF12347E5F50059C769 /* FingerTipTests.swift */ = {isa = PBXFileReference; lastKnownFileType = sourcecode.swift; path = FingerTipTests.swift; sourceTree = "<group>"; };
		3FD08DF32347E5F50059C769 /* Info.plist */ = {isa = PBXFileReference; lastKnownFileType = text.plist.xml; path = Info.plist; sourceTree = "<group>"; };
		3FD08DF82347E5F50059C769 /* FingerTipUITests.xctest */ = {isa = PBXFileReference; explicitFileType = wrapper.cfbundle; includeInIndex = 0; path = FingerTipUITests.xctest; sourceTree = BUILT_PRODUCTS_DIR; };
		3FD08DFC2347E5F50059C769 /* FingerTipUITests.swift */ = {isa = PBXFileReference; lastKnownFileType = sourcecode.swift; path = FingerTipUITests.swift; sourceTree = "<group>"; };
		3FD08DFE2347E5F50059C769 /* Info.plist */ = {isa = PBXFileReference; lastKnownFileType = text.plist.xml; path = Info.plist; sourceTree = "<group>"; };
/* End PBXFileReference section */

/* Begin PBXFrameworksBuildPhase section */
		3FD08DD62347E5F40059C769 /* Frameworks */ = {
			isa = PBXFrameworksBuildPhase;
			buildActionMask = 2147483647;
			files = (
			);
			runOnlyForDeploymentPostprocessing = 0;
		};
		3FD08DEA2347E5F50059C769 /* Frameworks */ = {
			isa = PBXFrameworksBuildPhase;
			buildActionMask = 2147483647;
			files = (
			);
			runOnlyForDeploymentPostprocessing = 0;
		};
		3FD08DF52347E5F50059C769 /* Frameworks */ = {
			isa = PBXFrameworksBuildPhase;
			buildActionMask = 2147483647;
			files = (
			);
			runOnlyForDeploymentPostprocessing = 0;
		};
/* End PBXFrameworksBuildPhase section */

/* Begin PBXGroup section */
		3FD08DD02347E5F40059C769 = {
			isa = PBXGroup;
			children = (
				3FD08DDB2347E5F40059C769 /* FingerTip */,
				3FD08DF02347E5F50059C769 /* FingerTipTests */,
				3FD08DFB2347E5F50059C769 /* FingerTipUITests */,
				3FD08DDA2347E5F40059C769 /* Products */,
			);
			sourceTree = "<group>";
		};
		3FD08DDA2347E5F40059C769 /* Products */ = {
			isa = PBXGroup;
			children = (
				3FD08DD92347E5F40059C769 /* FingerTip.app */,
				3FD08DED2347E5F50059C769 /* FingerTipTests.xctest */,
				3FD08DF82347E5F50059C769 /* FingerTipUITests.xctest */,
			);
			name = Products;
			sourceTree = "<group>";
		};
		3FD08DDB2347E5F40059C769 /* FingerTip */ = {
			isa = PBXGroup;
			children = (
				3FD08DDC2347E5F40059C769 /* AppDelegate.swift */,
				3FD08DDE2347E5F40059C769 /* ViewController.swift */,
				3FD08DE02347E5F40059C769 /* Main.storyboard */,
				3FD08DE32347E5F50059C769 /* Assets.xcassets */,
				3FD08DE52347E5F50059C769 /* LaunchScreen.storyboard */,
				3FD08DE82347E5F50059C769 /* Info.plist */,
			);
			path = FingerTip;
			sourceTree = "<group>";
		};
		3FD08DF02347E5F50059C769 /* FingerTipTests */ = {
			isa = PBXGroup;
			children = (
				3FD08DF12347E5F50059C769 /* FingerTipTests.swift */,
				3FD08DF32347E5F50059C769 /* Info.plist */,
			);
			path = FingerTipTests;
			sourceTree = "<group>";
		};
		3FD08DFB2347E5F50059C769 /* FingerTipUITests */ = {
			isa = PBXGroup;
			children = (
				3FD08DFC2347E5F50059C769 /* FingerTipUITests.swift */,
				3FD08DFE2347E5F50059C769 /* Info.plist */,
			);
			path = FingerTipUITests;
			sourceTree = "<group>";
		};
/* End PBXGroup section */

/* Begin PBXNativeTarget section */
		3FD08DD82347E5F40059C769 /* FingerTip */ = {
			isa = PBXNativeTarget;
			buildConfigurationList = 3FD08E012347E5F50059C769 /* Build configuration list for PBXNativeTarget "FingerTip" */;
			buildPhases = (
				3FD08DD52347E5F40059C769 /* Sources */,
				3FD08DD62347E5F40059C769 /* Frameworks */,
				3FD08DD72347E5F40059C769 /* Resources */,
			);
			buildRules = (
			);
			dependencies = (
			);
			name = FingerTip;
			productName = FingerTip;
			productReference = 3FD08DD92347E5F40059C769 /* FingerTip.app */;
			productType = "com.apple.product-type.application";
		};
		3FD08DEC2347E5F50059C769 /* FingerTipTests */ = {
			isa = PBXNativeTarget;
			buildConfigurationList = 3FD08E042347E5F50059C769 /* Build configuration list for PBXNativeTarget "FingerTipTests" */;
			buildPhases = (
				3FD08DE92347E5F50059C769 /* Sources */,
				3FD08DEA2347E5F50059C769 /* Frameworks */,
				3FD08DEB2347E5F50059C769 /* Resources */,
			);
			buildRules = (
			);
			dependencies = (
				3FD08DEF2347E5F50059C769 /* PBXTargetDependency */,
			);
			name = FingerTipTests;
			productName = FingerTipTests;
			productReference = 3FD08DED2347E5F50059C769 /* FingerTipTests.xctest */;
			productType = "com.apple.product-type.bundle.unit-test";
		};
		3FD08DF72347E5F50059C769 /* FingerTipUITests */ = {
			isa = PBXNativeTarget;
			buildConfigurationList = 3FD08E072347E5F50059C769 /* Build configuration list for PBXNativeTarget "FingerTipUITests" */;
			buildPhases = (
				3FD08DF42347E5F50059C769 /* Sources */,
				3FD08DF52347E5F50059C769 /* Frameworks */,
				3FD08DF62347E5F50059C769 /* Resources */,
			);
			buildRules = (
			);
			dependencies = (
				3FD08DFA2347E5F50059C769 /* PBXTargetDependency */,
			);
			name = FingerTipUITests;
			productName = FingerTipUITests;
			productReference = 3FD08DF82347E5F50059C769 /* FingerTipUITests.xctest */;
			productType = "com.apple.product-type.bundle.ui-testing";
		};
/* End PBXNativeTarget section */

/* Begin PBXProject section */
		3FD08DD12347E5F40059C769 /* Project object */ = {
			isa = PBXProject;
			attributes = {
				LastSwiftUpdateCheck = 1000;
				LastUpgradeCheck = 1000;
				ORGANIZATIONNAME = Student;
				TargetAttributes = {
					3FD08DD82347E5F40059C769 = {
						CreatedOnToolsVersion = 10.0;
					};
					3FD08DEC2347E5F50059C769 = {
						CreatedOnToolsVersion = 10.0;
						TestTargetID = 3FD08DD82347E5F40059C769;
					};
					3FD08DF72347E5F50059C769 = {
						CreatedOnToolsVersion = 10.0;
						TestTargetID = 3FD08DD82347E5F40059C769;
					};
				};
			};
			buildConfigurationList = 3FD08DD42347E5F40059C769 /* Build configuration list for PBXProject "FingerTip" */;
			compatibilityVersion = "Xcode 9.3";
			developmentRegion = en;
			hasScannedForEncodings = 0;
			knownRegions = (
				en,
				Base,
			);
			mainGroup = 3FD08DD02347E5F40059C769;
			productRefGroup = 3FD08DDA2347E5F40059C769 /* Products */;
			projectDirPath = "";
			projectRoot = "";
			targets = (
				3FD08DD82347E5F40059C769 /* FingerTip */,
				3FD08DEC2347E5F50059C769 /* FingerTipTests */,
				3FD08DF72347E5F50059C769 /* FingerTipUITests */,
			);
		};
/* End PBXProject section */

/* Begin PBXResourcesBuildPhase section */
		3FD08DD72347E5F40059C769 /* Resources */ = {
			isa = PBXResourcesBuildPhase;
			buildActionMask = 2147483647;
			files = (
				3FD08DE72347E5F50059C769 /* LaunchScreen.storyboard in Resources */,
				3FD08DE42347E5F50059C769 /* Assets.xcassets in Resources */,
				3FD08DE22347E5F40059C769 /* Main.storyboard in Resources */,
			);
			runOnlyForDeploymentPostprocessing = 0;
		};
		3FD08DEB2347E5F50059C769 /* Resources */ = {
			isa = PBXResourcesBuildPhase;
			buildActionMask = 2147483647;
			files = (
			);
			runOnlyForDeploymentPostprocessing = 0;
		};
		3FD08DF62347E5F50059C769 /* Resources */ = {
			isa = PBXResourcesBuildPhase;
			buildActionMask = 2147483647;
			files = (
			);
			runOnlyForDeploymentPostprocessing = 0;
		};
/* End PBXResourcesBuildPhase section */

/* Begin PBXSourcesBuildPhase section */
		3FD08DD52347E5F40059C769 /* Sources */ = {
			isa = PBXSourcesBuildPhase;
			buildActionMask = 2147483647;
			files = (
				3FD08DDF2347E5F40059C769 /* ViewController.swift in Sources */,
				3FD08DDD2347E5F40059C769 /* AppDelegate.swift in Sources */,
			);
			runOnlyForDeploymentPostprocessing = 0;
		};
		3FD08DE92347E5F50059C769 /* Sources */ = {
			isa = PBXSourcesBuildPhase;
			buildActionMask = 2147483647;
			files = (
				3FD08DF22347E5F50059C769 /* FingerTipTests.swift in Sources */,
			);
			runOnlyForDeploymentPostprocessing = 0;
		};
		3FD08DF42347E5F50059C769 /* Sources */ = {
			isa = PBXSourcesBuildPhase;
			buildActionMask = 2147483647;
			files = (
				3FD08DFD2347E5F50059C769 /* FingerTipUITests.swift in Sources */,
			);
			runOnlyForDeploymentPostprocessing = 0;
		};
/* End PBXSourcesBuildPhase section */

/* Begin PBXTargetDependency section */
		3FD08DEF2347E5F50059C769 /* PBXTargetDependency */ = {
			isa = PBXTargetDependency;
			target = 3FD08DD82347E5F40059C769 /* FingerTip */;
			targetProxy = 3FD08DEE2347E5F50059C769 /* PBXContainerItemProxy */;
		};
		3FD08DFA2347E5F50059C769 /* PBXTargetDependency */ = {
			isa = PBXTargetDependency;
			target = 3FD08DD82347E5F40059C769 /* FingerTip */;
			targetProxy = 3FD08DF92347E5F50059C769 /* PBXContainerItemProxy */;
		};
/* End PBXTargetDependency section */

/* Begin PBXVariantGroup section */
		3FD08DE02347E5F40059C769 /* Main.storyboard */ = {
			isa = PBXVariantGroup;
			children = (
				3FD08DE12347E5F40059C769 /* Base */,
			);
			name = Main.storyboard;
			sourceTree = "<group>";
		};
		3FD08DE52347E5F50059C769 /* LaunchScreen.storyboard */ = {
			isa = PBXVariantGroup;
			children = (
				3FD08DE62347E5F50059C769 /* Base */,
			);
			name = LaunchScreen.storyboard;
			sourceTree = "<group>";
		};
/* End PBXVariantGroup section */

/* Begin XCBuildConfiguration section */
		3FD08DFF2347E5F50059C769 /* Debug */ = {
			isa = XCBuildConfiguration;
			buildSettings = {
				ALWAYS_SEARCH_USER_PATHS = NO;
				CLANG_ANALYZER_NONNULL = YES;
				CLANG_ANALYZER_NUMBER_OBJECT_CONVERSION = YES_AGGRESSIVE;
				CLANG_CXX_LANGUAGE_STANDARD = "gnu++14";
				CLANG_CXX_LIBRARY = "libc++";
				CLANG_ENABLE_MODULES = YES;
				CLANG_ENABLE_OBJC_ARC = YES;
				CLANG_ENABLE_OBJC_WEAK = YES;
				CLANG_WARN_BLOCK_CAPTURE_AUTORELEASING = YES;
				CLANG_WARN_BOOL_CONVERSION = YES;
				CLANG_WARN_COMMA = YES;
				CLANG_WARN_CONSTANT_CONVERSION = YES;
				CLANG_WARN_DEPRECATED_OBJC_IMPLEMENTATIONS = YES;
				CLANG_WARN_DIRECT_OBJC_ISA_USAGE = YES_ERROR;
				CLANG_WARN_DOCUMENTATION_COMMENTS = YES;
				CLANG_WARN_EMPTY_BODY = YES;
				CLANG_WARN_ENUM_CONVERSION = YES;
				CLANG_WARN_INFINITE_RECURSION = YES;
				CLANG_WARN_INT_CONVERSION = YES;
				CLANG_WARN_NON_LITERAL_NULL_CONVERSION = YES;
				CLANG_WARN_OBJC_IMPLICIT_RETAIN_SELF = YES;
				CLANG_WARN_OBJC_LITERAL_CONVERSION = YES;
				CLANG_WARN_OBJC_ROOT_CLASS = YES_ERROR;
				CLANG_WARN_RANGE_LOOP_ANALYSIS = YES;
				CLANG_WARN_STRICT_PROTOTYPES = YES;
				CLANG_WARN_SUSPICIOUS_MOVE = YES;
				CLANG_WARN_UNGUARDED_AVAILABILITY = YES_AGGRESSIVE;
				CLANG_WARN_UNREACHABLE_CODE = YES;
				CLANG_WARN__DUPLICATE_METHOD_MATCH = YES;
				CODE_SIGN_IDENTITY = "iPhone Developer";
				COPY_PHASE_STRIP = NO;
				DEBUG_INFORMATION_FORMAT = dwarf;
				ENABLE_STRICT_OBJC_MSGSEND = YES;
				ENABLE_TESTABILITY = YES;
				GCC_C_LANGUAGE_STANDARD = gnu11;
				GCC_DYNAMIC_NO_PIC = NO;
				GCC_NO_COMMON_BLOCKS = YES;
				GCC_OPTIMIZATION_LEVEL = 0;
				GCC_PREPROCESSOR_DEFINITIONS = (
					"DEBUG=1",
					"$(inherited)",
				);
				GCC_WARN_64_TO_32_BIT_CONVERSION = YES;
				GCC_WARN_ABOUT_RETURN_TYPE = YES_ERROR;
				GCC_WARN_UNDECLARED_SELECTOR = YES;
				GCC_WARN_UNINITIALIZED_AUTOS = YES_AGGRESSIVE;
				GCC_WARN_UNUSED_FUNCTION = YES;
				GCC_WARN_UNUSED_VARIABLE = YES;
				IPHONEOS_DEPLOYMENT_TARGET = 12.0;
				MTL_ENABLE_DEBUG_INFO = INCLUDE_SOURCE;
				MTL_FAST_MATH = YES;
				ONLY_ACTIVE_ARCH = YES;
				SDKROOT = iphoneos;
				SWIFT_ACTIVE_COMPILATION_CONDITIONS = DEBUG;
				SWIFT_OPTIMIZATION_LEVEL = "-Onone";
			};
			name = Debug;
		};
		3FD08E002347E5F50059C769 /* Release */ = {
			isa = XCBuildConfiguration;
			buildSettings = {
				ALWAYS_SEARCH_USER_PATHS = NO;
				CLANG_ANALYZER_NONNULL = YES;
				CLANG_ANALYZER_NUMBER_OBJECT_CONVERSION = YES_AGGRESSIVE;
				CLANG_CXX_LANGUAGE_STANDARD = "gnu++14";
				CLANG_CXX_LIBRARY = "libc++";
				CLANG_ENABLE_MODULES = YES;
				CLANG_ENABLE_OBJC_ARC = YES;
				CLANG_ENABLE_OBJC_WEAK = YES;
				CLANG_WARN_BLOCK_CAPTURE_AUTORELEASING = YES;
				CLANG_WARN_BOOL_CONVERSION = YES;
				CLANG_WARN_COMMA = YES;
				CLANG_WARN_CONSTANT_CONVERSION = YES;
				CLANG_WARN_DEPRECATED_OBJC_IMPLEMENTATIONS = YES;
				CLANG_WARN_DIRECT_OBJC_ISA_USAGE = YES_ERROR;
				CLANG_WARN_DOCUMENTATION_COMMENTS = YES;
				CLANG_WARN_EMPTY_BODY = YES;
				CLANG_WARN_ENUM_CONVERSION = YES;
				CLANG_WARN_INFINITE_RECURSION = YES;
				CLANG_WARN_INT_CONVERSION = YES;
				CLANG_WARN_NON_LITERAL_NULL_CONVERSION = YES;
				CLANG_WARN_OBJC_IMPLICIT_RETAIN_SELF = YES;
				CLANG_WARN_OBJC_LITERAL_CONVERSION = YES;
				CLANG_WARN_OBJC_ROOT_CLASS = YES_ERROR;
				CLANG_WARN_RANGE_LOOP_ANALYSIS = YES;
				CLANG_WARN_STRICT_PROTOTYPES = YES;
				CLANG_WARN_SUSPICIOUS_MOVE = YES;
				CLANG_WARN_UNGUARDED_AVAILABILITY = YES_AGGRESSIVE;
				CLANG_WARN_UNREACHABLE_CODE = YES;
				CLANG_WARN__DUPLICATE_METHOD_MATCH = YES;
				CODE_SIGN_IDENTITY = "iPhone Developer";
				COPY_PHASE_STRIP = NO;
				DEBUG_INFORMATION_FORMAT = "dwarf-with-dsym";
				ENABLE_NS_ASSERTIONS = NO;
				ENABLE_STRICT_OBJC_MSGSEND = YES;
				GCC_C_LANGUAGE_STANDARD = gnu11;
				GCC_NO_COMMON_BLOCKS = YES;
				GCC_WARN_64_TO_32_BIT_CONVERSION = YES;
				GCC_WARN_ABOUT_RETURN_TYPE = YES_ERROR;
				GCC_WARN_UNDECLARED_SELECTOR = YES;
				GCC_WARN_UNINITIALIZED_AUTOS = YES_AGGRESSIVE;
				GCC_WARN_UNUSED_FUNCTION = YES;
				GCC_WARN_UNUSED_VARIABLE = YES;
				IPHONEOS_DEPLOYMENT_TARGET = 12.0;
				MTL_ENABLE_DEBUG_INFO = NO;
				MTL_FAST_MATH = YES;
				SDKROOT = iphoneos;
				SWIFT_COMPILATION_MODE = wholemodule;
				SWIFT_OPTIMIZATION_LEVEL = "-O";
				VALIDATE_PRODUCT = YES;
			};
			name = Release;
		};
		3FD08E022347E5F50059C769 /* Debug */ = {
			isa = XCBuildConfiguration;
			buildSettings = {
				ASSETCATALOG_COMPILER_APPICON_NAME = AppIcon;
				CODE_SIGN_STYLE = Automatic;
				INFOPLIST_FILE = FingerTip/Info.plist;
				LD_RUNPATH_SEARCH_PATHS = (
					"$(inherited)",
					"@executable_path/Frameworks",
				);
				PRODUCT_BUNDLE_IDENTIFIER = com.FingerTip;
				PRODUCT_NAME = "$(TARGET_NAME)";
				SWIFT_VERSION = 4.2;
				TARGETED_DEVICE_FAMILY = "1,2";
			};
			name = Debug;
		};
		3FD08E032347E5F50059C769 /* Release */ = {
			isa = XCBuildConfiguration;
			buildSettings = {
				ASSETCATALOG_COMPILER_APPICON_NAME = AppIcon;
				CODE_SIGN_STYLE = Automatic;
				INFOPLIST_FILE = FingerTip/Info.plist;
				LD_RUNPATH_SEARCH_PATHS = (
					"$(inherited)",
					"@executable_path/Frameworks",
				);
				PRODUCT_BUNDLE_IDENTIFIER = com.FingerTip;
				PRODUCT_NAME = "$(TARGET_NAME)";
				SWIFT_VERSION = 4.2;
				TARGETED_DEVICE_FAMILY = "1,2";
			};
			name = Release;
		};
		3FD08E052347E5F50059C769 /* Debug */ = {
			isa = XCBuildConfiguration;
			buildSettings = {
				ALWAYS_EMBED_SWIFT_STANDARD_LIBRARIES = YES;
				BUNDLE_LOADER = "$(TEST_HOST)";
				CODE_SIGN_STYLE = Automatic;
				INFOPLIST_FILE = FingerTipTests/Info.plist;
				LD_RUNPATH_SEARCH_PATHS = (
					"$(inherited)",
					"@executable_path/Frameworks",
					"@loader_path/Frameworks",
				);
				PRODUCT_BUNDLE_IDENTIFIER = com.FingerTipTests;
				PRODUCT_NAME = "$(TARGET_NAME)";
				SWIFT_VERSION = 4.2;
				TARGETED_DEVICE_FAMILY = "1,2";
				TEST_HOST = "$(BUILT_PRODUCTS_DIR)/FingerTip.app/FingerTip";
			};
			name = Debug;
		};
		3FD08E062347E5F50059C769 /* Release */ = {
			isa = XCBuildConfiguration;
			buildSettings = {
				ALWAYS_EMBED_SWIFT_STANDARD_LIBRARIES = YES;
				BUNDLE_LOADER = "$(TEST_HOST)";
				CODE_SIGN_STYLE = Automatic;
				INFOPLIST_FILE = FingerTipTests/Info.plist;
				LD_RUNPATH_SEARCH_PATHS = (
					"$(inherited)",
					"@executable_path/Frameworks",
					"@loader_path/Frameworks",
				);
				PRODUCT_BUNDLE_IDENTIFIER = com.FingerTipTests;
				PRODUCT_NAME = "$(TARGET_NAME)";
				SWIFT_VERSION = 4.2;
				TARGETED_DEVICE_FAMILY = "1,2";
				TEST_HOST = "$(BUILT_PRODUCTS_DIR)/FingerTip.app/FingerTip";
			};
			name = Release;
		};
		3FD08E082347E5F50059C769 /* Debug */ = {
			isa = XCBuildConfiguration;
			buildSettings = {
				ALWAYS_EMBED_SWIFT_STANDARD_LIBRARIES = YES;
				CODE_SIGN_STYLE = Automatic;
				INFOPLIST_FILE = FingerTipUITests/Info.plist;
				LD_RUNPATH_SEARCH_PATHS = (
					"$(inherited)",
					"@executable_path/Frameworks",
					"@loader_path/Frameworks",
				);
				PRODUCT_BUNDLE_IDENTIFIER = com.FingerTipUITests;
				PRODUCT_NAME = "$(TARGET_NAME)";
				SWIFT_VERSION = 4.2;
				TARGETED_DEVICE_FAMILY = "1,2";
				TEST_TARGET_NAME = FingerTip;
			};
			name = Debug;
		};
		3FD08E092347E5F50059C769 /* Release */ = {
			isa = XCBuildConfiguration;
			buildSettings = {
				ALWAYS_EMBED_SWIFT_STANDARD_LIBRARIES = YES;
				CODE_SIGN_STYLE = Automatic;
				INFOPLIST_FILE = FingerTipUITests/Info.plist;
				LD_RUNPATH_SEARCH_PATHS = (
					"$(inherited)",
					"@executable_path/Frameworks",
					"@loader_path/Frameworks",
				);
				PRODUCT_BUNDLE_IDENTIFIER = com.FingerTipUITests;
				PRODUCT_NAME = "$(TARGET_NAME)";
				SWIFT_VERSION = 4.2;
				TARGETED_DEVICE_FAMILY = "1,2";
				TEST_TARGET_NAME = FingerTip;
			};
			name = Release;
		};
/* End XCBuildConfiguration section */

/* Begin XCConfigurationList section */
		3FD08DD42347E5F40059C769 /* Build configuration list for PBXProject "FingerTip" */ = {
			isa = XCConfigurationList;
			buildConfigurations = (
				3FD08DFF2347E5F50059C769 /* Debug */,
				3FD08E002347E5F50059C769 /* Release */,
			);
			defaultConfigurationIsVisible = 0;
			defaultConfigurationName = Release;
		};
		3FD08E012347E5F50059C769 /* Build configuration list for PBXNativeTarget "FingerTip" */ = {
			isa = XCConfigurationList;
			buildConfigurations = (
				3FD08E022347E5F50059C769 /* Debug */,
				3FD08E032347E5F50059C769 /* Release */,
			);
			defaultConfigurationIsVisible = 0;
			defaultConfigurationName = Release;
		};
		3FD08E042347E5F50059C769 /* Build configuration list for PBXNativeTarget "FingerTipTests" */ = {
			isa = XCConfigurationList;
			buildConfigurations = (
				3FD08E052347E5F50059C769 /* Debug */,
				3FD08E062347E5F50059C769 /* Release */,
			);
			defaultConfigurationIsVisible = 0;
			defaultConfigurationName = Release;
		};
		3FD08E072347E5F50059C769 /* Build configuration list for PBXNativeTarget "FingerTipUITests" */ = {
			isa = XCConfigurationList;
			buildConfigurations = (
				3FD08E082347E5F50059C769 /* Debug */,
				3FD08E092347E5F50059C769 /* Release */,
			);
			defaultConfigurationIsVisible = 0;
			defaultConfigurationName = Release;
		};
/* End XCConfigurationList section */
	};
	rootObject = 3FD08DD12347E5F40059C769 /* Project object */;
}
